{
  "name": "dukat-test-topN",
  "version": "1.0.0",
  "lockfileVersion": 1,
  "requires": true,
  "dependencies": {
    "ansi-styles": {
      "version": "4.2.0",
      "resolved": "https://registry.yarnpkg.com/ansi-styles/-/ansi-styles-4.2.0.tgz",
      "integrity": "sha1-VoHw3PeuWICnhB2IMcRyTtnMAXI=",
      "requires": {
        "@types/color-name": "1.1.1",
        "color-convert": "2.0.1"
      }
    },
    "asynckit": {
      "version": "0.4.0",
      "resolved": "https://registry.yarnpkg.com/asynckit/-/asynckit-0.4.0.tgz",
      "integrity": "sha1-x57Zf380y48robyXkLzDZkdLS3k="
    },
    "axios": {
      "version": "0.19.0",
      "resolved": "https://registry.yarnpkg.com/axios/-/axios-0.19.0.tgz",
      "integrity": "sha1-jgm/89kSLhM/e4EByPvdAO09Krg=",
      "requires": {
        "follow-redirects": "1.5.10",
        "is-buffer": "2.0.4"
      }
    },
    "chalk": {
      "version": "3.0.0",
      "resolved": "https://registry.yarnpkg.com/chalk/-/chalk-3.0.0.tgz",
      "integrity": "sha1-P3PCv1JlkfV0zEksUeJFY0n4ROQ=",
      "requires": {
        "ansi-styles": "4.2.0",
        "supports-color": "7.1.0"
      }
    },
    "color-convert": {
      "version": "2.0.1",
      "resolved": "https://registry.yarnpkg.com/color-convert/-/color-convert-2.0.1.tgz",
      "integrity": "sha1-ctOmjVmMm9s68q0ehPIdiWq9TeM=",
      "requires": {
        "color-name": "1.1.4"
      }
    },
    "color-name": {
      "version": "1.1.4",
      "resolved": "https://registry.yarnpkg.com/color-name/-/color-name-1.1.4.tgz",
      "integrity": "sha1-wqCah6y95pVD3m9j+jmVyCbFNqI="
    },
    "combined-stream": {
      "version": "1.0.8",
      "resolved": "https://registry.yarnpkg.com/combined-stream/-/combined-stream-1.0.8.tgz",
      "integrity": "sha1-w9RaizT9cwYxoRCoolIGgrMdWn8=",
      "requires": {
        "delayed-stream": "1.0.0"
      }
    },
    "commander": {
      "version": "4.0.1",
      "resolved": "https://registry.yarnpkg.com/commander/-/commander-4.0.1.tgz",
      "integrity": "sha1-tnYicheFmTGC6Af0iDYz5kAbpTw="
    },
    "csstype": {
      "version": "2.6.7",
      "resolved": "https://registry.yarnpkg.com/csstype/-/csstype-2.6.7.tgz",
      "integrity": "sha1-ILACTCC2cY9O2jhTofWhzOf15KU="
    },
    "debug": {
      "version": "3.1.0",
      "resolved": "https://registry.yarnpkg.com/debug/-/debug-3.1.0.tgz",
      "integrity": "sha1-W7WgZyYotkFJVmuhaBnmFRjGcmE=",
      "requires": {
        "ms": "2.0.0"
      }
    },
    "delayed-stream": {
      "version": "1.0.0",
      "resolved": "https://registry.yarnpkg.com/delayed-stream/-/delayed-stream-1.0.0.tgz",
      "integrity": "sha1-3zrhmayt+31ECqrgsp4icrJOxhk="
    },
    "follow-redirects": {
      "version": "1.5.10",
      "resolved": "https://registry.yarnpkg.com/follow-redirects/-/follow-redirects-1.5.10.tgz",
      "integrity": "sha1-e3qfmuov3/NnhqlP9kPtB/T/Xio=",
      "requires": {
        "debug": "3.1.0"
      }
    },
    "form-data": {
      "version": "2.5.1",
      "resolved": "https://registry.yarnpkg.com/form-data/-/form-data-2.5.1.tgz",
      "integrity": "sha1-8svsV7XlniNxbhKP5E1OXdI4lfQ=",
      "requires": {
        "asynckit": "0.4.0",
        "combined-stream": "1.0.8",
        "mime-types": "2.1.25"
      }
    },
    "has-flag": {
      "version": "4.0.0",
      "resolved": "https://registry.yarnpkg.com/has-flag/-/has-flag-4.0.0.tgz",
      "integrity": "sha1-lEdx/ZyByBJlxNaUGGDaBrtZR5s="
    },
    "is-buffer": {
      "version": "2.0.4",
      "resolved": "https://registry.yarnpkg.com/is-buffer/-/is-buffer-2.0.4.tgz",
      "integrity": "sha1-PlcvI8hBGlz9lVfISeNmXgspBiM="
    },
    "mime-db": {
      "version": "1.42.0",
      "resolved": "https://registry.yarnpkg.com/mime-db/-/mime-db-1.42.0.tgz",
      "integrity": "sha1-PiUpB7THrbkGWXtLZWNics+ee6w="
    },
    "mime-types": {
      "version": "2.1.25",
      "resolved": "https://registry.yarnpkg.com/mime-types/-/mime-types-2.1.25.tgz",
      "integrity": "sha1-OXctRmIfk+KoCoVsU7hqYhVqZDc=",
      "requires": {
        "mime-db": "1.42.0"
      }
    },
    "moment": {
      "version": "2.24.0",
      "resolved": "https://registry.yarnpkg.com/moment/-/moment-2.24.0.tgz",
      "integrity": "sha1-DQVdU/UFKqZTyfbraLtdEr9cK1s="
    },
    "ms": {
      "version": "2.0.0",
      "resolved": "https://registry.yarnpkg.com/ms/-/ms-2.0.0.tgz",
      "integrity": "sha1-VgiurfwAvmwpAd9fmGF4jeDVl8g="
    },
    "rxjs": {
      "version": "6.5.3",
      "resolved": "https://registry.yarnpkg.com/rxjs/-/rxjs-6.5.3.tgz",
      "integrity": "sha1-UQ4mMX9NuRp+sd532d2boKSJmjo=",
      "requires": {
        "tslib": "1.10.0"
      }
    },
    "source-map": {
      "version": "0.6.1",
      "resolved": "https://registry.yarnpkg.com/source-map/-/source-map-0.6.1.tgz",
      "integrity": "sha1-dHIq8y6WFOnCh6jQu95IteLxomM="
    },
    "supports-color": {
      "version": "7.1.0",
      "resolved": "https://registry.yarnpkg.com/supports-color/-/supports-color-7.1.0.tgz",
      "integrity": "sha1-aOMlkd9z4lrRxLSRCKLsUHliv9E=",
      "requires": {
        "has-flag": "4.0.0"
      }
    },
    "tslib": {
      "version": "1.10.0",
      "resolved": "https://registry.yarnpkg.com/tslib/-/tslib-1.10.0.tgz",
      "integrity": "sha1-w8GflZc/sKYpc/sJ2Q2WHuQ+XIo="
    },
    "vue": {
      "version": "2.6.10",
      "resolved": "https://registry.yarnpkg.com/vue/-/vue-2.6.10.tgz",
      "integrity": "sha1-pysaQqTYKnIepDjRtr9V5mGVxjc="
    },
    "@types/anymatch": {
      "version": "1.3.1",
      "resolved": "https://registry.yarnpkg.com/@types/anymatch/-/anymatch-1.3.1.tgz",
      "integrity": "sha1-M2utwb7sudrMOL6izzKt9ieoQho="
    },
    "@types/async": {
      "version": "3.0.3",
      "resolved": "https://registry.yarnpkg.com/@types/async/-/async-3.0.3.tgz",
      "integrity": "sha1-6jaUEox1dYDk+TKM2UG4HZw+m/Y="
    },
    "@types/bluebird": {
      "version": "3.5.29",
      "resolved": "https://registry.yarnpkg.com/@types/bluebird/-/bluebird-3.5.29.tgz",
      "integrity": "sha1-fNkzyQLE/IMEZRehvvlziG0AvbY="
    },
    "@types/body-parser": {
      "version": "1.17.1",
      "resolved": "https://registry.yarnpkg.com/@types/body-parser/-/body-parser-1.17.1.tgz",
      "integrity": "sha1-GPz2F2j7XDDMxQjCHW/S6LO/eJc=",
      "requires": {
        "@types/connect": "3.4.32",
        "@types/node": "12.12.7"
      },
      "dependencies": {
        "@types/node": {
          "version": "12.12.7",
          "resolved": "https://registry.yarnpkg.com/@types/node/-/node-12.12.7.tgz",
          "integrity": "sha1-AeTqck2eO9UNkMEf1ZgLoxfY+hE="
        }
      }
    },
    "@types/caseless": {
      "version": "0.12.2",
      "resolved": "https://registry.yarnpkg.com/@types/caseless/-/caseless-0.12.2.tgz",
      "integrity": "sha1-9l09Y4ngHutFi9VNyPUrlalGO8g="
    },
    "@types/color-name": {
      "version": "1.1.1",
      "resolved": "https://registry.yarnpkg.com/@types/color-name/-/color-name-1.1.1.tgz",
      "integrity": "sha1-HBJhu+qhCoBVu8XYq4S3sq/IRqA="
    },
    "@types/commander": {
      "version": "2.12.2",
      "resolved": "https://registry.yarnpkg.com/@types/commander/-/commander-2.12.2.tgz",
      "integrity": "sha1-GDBBojhC1CgUePpdI8XKeOb9CK4=",
      "requires": {
        "commander": "4.0.1"
      }
    },
    "@types/connect": {
      "version": "3.4.32",
      "resolved": "https://registry.yarnpkg.com/@types/connect/-/connect-3.4.32.tgz",
      "integrity": "sha1-qg6WFrlDXMrQK8UrW0VP/Cxwuig=",
      "requires": {
        "@types/node": "12.12.7"
      },
      "dependencies": {
        "@types/node": {
          "version": "12.12.7",
          "resolved": "https://registry.yarnpkg.com/@types/node/-/node-12.12.7.tgz",
          "integrity": "sha1-AeTqck2eO9UNkMEf1ZgLoxfY+hE="
        }
      }
    },
    "@types/express": {
      "version": "4.17.2",
      "resolved": "https://registry.yarnpkg.com/@types/express/-/express-4.17.2.tgz",
      "integrity": "sha1-oPt6I9iFW6wxvAHVpYyt2bIXPmw=",
      "requires": {
        "@types/body-parser": "1.17.1",
        "@types/express-serve-static-core": "4.16.11",
        "@types/serve-static": "1.13.3"
      }
    },
    "@types/express-serve-static-core": {
      "version": "4.16.11",
      "resolved": "https://registry.yarnpkg.com/@types/express-serve-static-core/-/express-serve-static-core-4.16.11.tgz",
      "integrity": "sha1-RujLCR3hnVFzGgXCWB5RWFWXna0=",
      "requires": {
        "@types/node": "12.12.7",
        "@types/range-parser": "1.2.3"
      },
      "dependencies": {
        "@types/node": {
          "version": "12.12.7",
          "resolved": "https://registry.yarnpkg.com/@types/node/-/node-12.12.7.tgz",
          "integrity": "sha1-AeTqck2eO9UNkMEf1ZgLoxfY+hE="
        }
      }
    },
    "@types/fs-extra": {
      "version": "8.0.1",
      "resolved": "https://registry.yarnpkg.com/@types/fs-extra/-/fs-extra-8.0.1.tgz",
      "integrity": "sha1-ojeNbn6K/qFWTkSq+i4gfa33doY=",
      "requires": {
        "@types/node": "12.12.7"
      },
      "dependencies": {
        "@types/node": {
          "version": "12.12.7",
          "resolved": "https://registry.yarnpkg.com/@types/node/-/node-12.12.7.tgz",
          "integrity": "sha1-AeTqck2eO9UNkMEf1ZgLoxfY+hE="
        }
      }
    },
    "@types/jquery": {
      "version": "3.3.38",
      "resolved": "https://registry.yarnpkg.com/@types/jquery/-/jquery-3.3.38.tgz",
      "integrity": "sha1-Y4Xx4bML0r/1WujudepCqZnMNgg=",
      "requires": {
        "@types/sizzle": "2.3.2"
      }
    },
    "@types/lodash": {
      "version": "4.14.146",
      "resolved": "https://registry.yarnpkg.com/@types/lodash/-/lodash-4.14.146.tgz",
      "integrity": "sha1-3g0shhABLxKmp5ZFUFTLxlT4/s8="
    },
    "@types/mime": {
      "version": "2.0.1",
      "resolved": "https://registry.yarnpkg.com/@types/mime/-/mime-2.0.1.tgz",
      "integrity": "sha1-3EiIQjEqfwdRSTEpBbXjwLBUx50="
    },
    "@types/node": {
      "version": "13.13.9",
      "resolved": "https://registry.yarnpkg.com/@types/node/-/node-13.13.9.tgz",
      "integrity": "sha1-ed9K6WX7dtMZQ7VKZBlZkweiE5Q="
    },
    "@types/prop-types": {
      "version": "15.7.3",
      "resolved": "https://registry.yarnpkg.com/@types/prop-types/-/prop-types-15.7.3.tgz",
      "integrity": "sha1-KrDV2i5YFflLC51LldHl8kOrLKc="
    },
    "@types/range-parser": {
      "version": "1.2.3",
      "resolved": "https://registry.yarnpkg.com/@types/range-parser/-/range-parser-1.2.3.tgz",
      "integrity": "sha1-fuMwunyq+5gJC+zoal7kQRWQTCw="
    },
    "@types/react": {
      "version": "16.9.11",
      "resolved": "https://registry.yarnpkg.com/@types/react/-/react-16.9.11.tgz",
      "integrity": "sha1-cOC3rXkFinhC8lzPKZmAcHatoSA=",
      "requires": {
        "@types/prop-types": "15.7.3",
        "csstype": "2.6.7"
      }
    },
    "@types/react-dom": {
      "version": "16.9.4",
      "resolved": "https://registry.yarnpkg.com/@types/react-dom/-/react-dom-16.9.4.tgz",
      "integrity": "sha1-C1jfCaYJYdy3f2LU8YMkJ1E0IN8=",
      "requires": {
        "@types/react": "16.9.11"
      }
    },
    "@types/request": {
      "version": "2.48.3",
      "resolved": "https://registry.yarnpkg.com/@types/request/-/request-2.48.3.tgz",
      "integrity": "sha1-lwuO0jF1aMOQNh0pxVWpXnS9YTU=",
      "requires": {
        "@types/caseless": "0.12.2",
        "@types/node": "12.12.7",
        "@types/tough-cookie": "2.3.5",
        "form-data": "2.5.1"
      },
      "dependencies": {
        "@types/node": {
          "version": "12.12.7",
          "resolved": "https://registry.yarnpkg.com/@types/node/-/node-12.12.7.tgz",
          "integrity": "sha1-AeTqck2eO9UNkMEf1ZgLoxfY+hE="
        }
      }
    },
    "@types/serve-static": {
      "version": "1.13.3",
      "resolved": "https://registry.yarnpkg.com/@types/serve-static/-/serve-static-1.13.3.tgz",
      "integrity": "sha1-634cQcRGgnJVfol+kXHe1eLe2dE=",
      "requires": {
        "@types/express-serve-static-core": "4.16.11",
        "@types/mime": "2.0.1"
      }
    },
    "@types/sizzle": {
      "version": "2.3.2",
      "resolved": "https://registry.yarnpkg.com/@types/sizzle/-/sizzle-2.3.2.tgz",
      "integrity": "sha1-qBG4wY4rq6t9VCszZYh64uTZ3kc="
    },
    "@types/source-list-map": {
      "version": "0.1.2",
      "resolved": "https://registry.yarnpkg.com/@types/source-list-map/-/source-list-map-0.1.2.tgz",
      "integrity": "sha1-AHiDYGP/rxdBI0m7o2QIfgrALsk="
    },
    "@types/tapable": {
      "version": "1.0.4",
      "resolved": "https://registry.yarnpkg.com/@types/tapable/-/tapable-1.0.4.tgz",
      "integrity": "sha1-tP/H3Je0mMlps2CkHu4kf4JhY3A="
    },
    "@types/tough-cookie": {
      "version": "2.3.5",
      "resolved": "https://registry.yarnpkg.com/@types/tough-cookie/-/tough-cookie-2.3.5.tgz",
      "integrity": "sha1-naRO11VxmZtlw3tgybK4jbVMWF0="
    },
    "@types/uglify-js": {
      "version": "3.0.4",
      "resolved": "https://registry.yarnpkg.com/@types/uglify-js/-/uglify-js-3.0.4.tgz",
      "integrity": "sha1-lr6uI99vVhhiqDC0KIpJ6GuqwII=",
      "requires": {
        "source-map": "0.6.1"
      }
    },
    "@types/underscore": {
      "version": "1.9.3",
      "resolved": "https://registry.yarnpkg.com/@types/underscore/-/underscore-1.9.3.tgz",
      "integrity": "sha1-19ncWl/3b6PQAbKbx8yVqwzP6F4="
    },
    "@types/webpack": {
      "version": "4.39.8",
      "resolved": "https://registry.yarnpkg.com/@types/webpack/-/webpack-4.39.8.tgz",
      "integrity": "sha1-gIOk64UOoClh72FhRlQ0ybR4hR8=",
      "requires": {
        "@types/anymatch": "1.3.1",
        "@types/node": "12.12.7",
        "@types/tapable": "1.0.4",
        "@types/uglify-js": "3.0.4",
        "@types/webpack-sources": "0.1.5",
        "source-map": "0.6.1"
      },
      "dependencies": {
        "@types/node": {
          "version": "12.12.7",
          "resolved": "https://registry.yarnpkg.com/@types/node/-/node-12.12.7.tgz",
          "integrity": "sha1-AeTqck2eO9UNkMEf1ZgLoxfY+hE="
        }
      }
    },
    "@types/webpack-sources": {
      "version": "0.1.5",
      "resolved": "https://registry.yarnpkg.com/@types/webpack-sources/-/webpack-sources-0.1.5.tgz",
      "integrity": "sha1-vkfBD3g9PW7+FHH/fwQmEb1GSpI=",
      "requires": {
        "source-map": "0.6.1",
        "@types/source-list-map": "0.1.2",
        "@types/node": "12.12.7"
      },
      "dependencies": {
        "@types/node": {
          "version": "12.12.7",
          "resolved": "https://registry.yarnpkg.com/@types/node/-/node-12.12.7.tgz",
          "integrity": "sha1-AeTqck2eO9UNkMEf1ZgLoxfY+hE="
        }
      }
    },
    "@types/yargs": {
      "version": "13.0.3",
      "resolved": "https://registry.yarnpkg.com/@types/yargs/-/yargs-13.0.3.tgz",
      "integrity": "sha1-dkgq85gdRBLWU3GjGPmS0zRko4A=",
      "requires": {
        "@types/yargs-parser": "13.1.0"
      }
    },
    "@types/yargs-parser": {
      "version": "13.1.0",
      "resolved": "https://registry.yarnpkg.com/@types/yargs-parser/-/yargs-parser-13.1.0.tgz",
      "integrity": "sha1-xWOqGS85NQodGNo2xajaOCu9gig="
    }
  }
}