{
  "name": "dukat-test-topN",
  "version": "1.0.0",
  "lockfileVersion": 1,
  "requires": true,
  "dependencies": {
    "@aws-crypto/ie11-detection": {
      "version": "0.1.0-preview.4",
      "resolved": "https://registry.npmjs.org/@aws-crypto/ie11-detection/-/ie11-detection-0.1.0-preview.4.tgz",
      "integrity": "sha512-0cOu7FXHpJ7ddUDyjaYgCmEOhSYbMGgjqIuCLXzxOwY02V/RmVvi2bfFx0zsusgBbXCL+nqqS6BP/c5lGkDuYA==",
      "requires": {
        "tslib": "^1.9.3"
      }
    },
    "@aws-crypto/sha256-browser": {
      "version": "0.1.0-preview.4",
      "resolved": "https://registry.npmjs.org/@aws-crypto/sha256-browser/-/sha256-browser-0.1.0-preview.4.tgz",
      "integrity": "sha512-wP7hrVfwvJfPuQaHU1W32D0dqHU+MrW14qrqumFIiUEsGFhs0uM8dxy+SA7KKgNy4pdQfpZaNEyjlAwJAmATaQ==",
      "requires": {
        "@aws-crypto/ie11-detection": "^0.1.0-preview.4",
        "@aws-crypto/sha256-js": "^0.1.0-preview.4",
        "@aws-crypto/supports-web-crypto": "^0.1.0-preview.4",
        "@aws-sdk/types": "^1.0.0-alpha.0",
        "@aws-sdk/util-locate-window": "^1.0.0-alpha.0",
        "@aws-sdk/util-utf8-browser": "^1.0.0-alpha.0",
        "tslib": "^1.9.3"
      }
    },
    "@aws-crypto/sha256-js": {
      "version": "0.1.0-preview.4",
      "resolved": "https://registry.npmjs.org/@aws-crypto/sha256-js/-/sha256-js-0.1.0-preview.4.tgz",
      "integrity": "sha512-erEwxKLr+2s2Ni3EMlE2qBNOEExUmXFnpqCBS83SFc7Zg/+EUvcf4K0BBhf4jT/ZPIiZVYFymYz+yM7b4YZXqA==",
      "requires": {
        "@aws-sdk/types": "^1.0.0-alpha.0",
        "@aws-sdk/util-utf8-browser": "^1.0.0-alpha.0",
        "tslib": "^1.9.3"
      }
    },
    "@aws-crypto/supports-web-crypto": {
      "version": "0.1.0-preview.4",
      "resolved": "https://registry.npmjs.org/@aws-crypto/supports-web-crypto/-/supports-web-crypto-0.1.0-preview.4.tgz",
      "integrity": "sha512-P/cnFGz3A3SA4in2YVrU8CQAjf0n1WsC9Bv6LUqf5gL8wTaZvBl02ILjOpeOeQidaid+Fo//BLGi/55ksEj9Ug==",
      "requires": {
        "tslib": "^1.9.3"
      }
    },
    "@aws-sdk/abort-controller": {
      "version": "1.0.0-gamma.6",
      "resolved": "https://registry.npmjs.org/@aws-sdk/abort-controller/-/abort-controller-1.0.0-gamma.6.tgz",
      "integrity": "sha512-x/j5lL4FLC5naXCV2Gt5BA653+Cy3tpXYoZtVDMzELhPuJ1JYTGG7xrlsvYRbdF4xXqjQH8JJPwKwEEgB21Yhg==",
      "requires": {
        "@aws-sdk/types": "1.0.0-gamma.5",
        "tslib": "^1.8.0"
      }
    },
    "@aws-sdk/client-codebuild": {
      "version": "1.0.0-alpha.1",
      "resolved": "https://registry.npmjs.org/@aws-sdk/client-codebuild/-/client-codebuild-1.0.0-alpha.1.tgz",
      "integrity": "sha512-xXbhuHnhE8vfXbTqfoN6WHfM4EYaGjTqPw8JE+WsHK4QM97C0+sF2+F5reoQG/gIkpaoJrGRGH0nYJc1qi+kjA==",
      "requires": {
        "@aws-crypto/sha256-browser": "^0.1.0-preview.1",
        "@aws-sdk/config-resolver": "^1.0.0-alpha.1",
        "@aws-sdk/credential-provider-node": "^1.0.0-alpha.1",
        "@aws-sdk/fetch-http-handler": "^1.0.0-alpha.1",
        "@aws-sdk/hash-node": "^1.0.0-alpha.1",
        "@aws-sdk/invalid-dependency": "^1.0.0-alpha.1",
        "@aws-sdk/middleware-content-length": "^1.0.0-alpha.1",
        "@aws-sdk/middleware-host-header": "^1.0.0-alpha.1",
        "@aws-sdk/middleware-retry": "^1.0.0-alpha.1",
        "@aws-sdk/middleware-serde": "^1.0.0-alpha.1",
        "@aws-sdk/middleware-signing": "^1.0.0-alpha.1",
        "@aws-sdk/middleware-stack": "^1.0.0-alpha.1",
        "@aws-sdk/middleware-user-agent": "^1.0.0-alpha.1",
        "@aws-sdk/node-http-handler": "^1.0.0-alpha.1",
        "@aws-sdk/protocol-http": "^1.0.0-alpha.1",
        "@aws-sdk/region-provider": "^1.0.0-alpha.1",
        "@aws-sdk/smithy-client": "^1.0.0-alpha.1",
        "@aws-sdk/stream-collector-browser": "^1.0.0-alpha.1",
        "@aws-sdk/stream-collector-node": "^1.0.0-alpha.1",
        "@aws-sdk/types": "^1.0.0-alpha.1",
        "@aws-sdk/url-parser-browser": "^1.0.0-alpha.1",
        "@aws-sdk/url-parser-node": "^1.0.0-alpha.1",
        "@aws-sdk/util-base64-browser": "^1.0.0-alpha.1",
        "@aws-sdk/util-base64-node": "^1.0.0-alpha.1",
        "@aws-sdk/util-body-length-browser": "^1.0.0-alpha.1",
        "@aws-sdk/util-body-length-node": "^1.0.0-alpha.1",
        "@aws-sdk/util-user-agent-browser": "^1.0.0-alpha.1",
        "@aws-sdk/util-user-agent-node": "^1.0.0-alpha.1",
        "@aws-sdk/util-utf8-browser": "^1.0.0-alpha.1",
        "@aws-sdk/util-utf8-node": "^1.0.0-alpha.1",
        "tslib": "^1.8.0"
      }
    },
    "@aws-sdk/config-resolver": {
      "version": "1.0.0-gamma.6",
      "resolved": "https://registry.npmjs.org/@aws-sdk/config-resolver/-/config-resolver-1.0.0-gamma.6.tgz",
      "integrity": "sha512-S8efMUwKDY8gMxpqgbE+vuyRH8ECtyndrGszXFDf+pnpb13V4SIqPtJCYqHt7JEkH7/cB3zbFpcQQ92SbBq51A==",
      "requires": {
        "@aws-sdk/signature-v4": "1.0.0-gamma.6",
        "@aws-sdk/types": "1.0.0-gamma.5",
        "tslib": "^1.8.0"
      }
    },
    "@aws-sdk/credential-provider-env": {
      "version": "1.0.0-gamma.6",
      "resolved": "https://registry.npmjs.org/@aws-sdk/credential-provider-env/-/credential-provider-env-1.0.0-gamma.6.tgz",
      "integrity": "sha512-Hz2MvyQfEiE3SH1aTJwBfExvZ5cy2h38rygGSiUJ+3JJtNMFcv3eE1HKeMel9R+1ElFthxNlTmLn08befjmsHw==",
      "requires": {
        "@aws-sdk/property-provider": "1.0.0-gamma.6",
        "@aws-sdk/types": "1.0.0-gamma.5",
        "tslib": "^1.8.0"
      }
    },
    "@aws-sdk/credential-provider-imds": {
      "version": "1.0.0-gamma.6",
      "resolved": "https://registry.npmjs.org/@aws-sdk/credential-provider-imds/-/credential-provider-imds-1.0.0-gamma.6.tgz",
      "integrity": "sha512-viUBvZNZWXcA/Vp4C1WNM1rjy4rgL33fPlwjRMaNErWyU3I9NaEW3ZcworABBdCdibf3iSt5umprX0z633ZDnw==",
      "requires": {
        "@aws-sdk/property-provider": "1.0.0-gamma.6",
        "@aws-sdk/types": "1.0.0-gamma.5",
        "tslib": "^1.8.0"
      }
    },
    "@aws-sdk/credential-provider-ini": {
      "version": "1.0.0-gamma.6",
      "resolved": "https://registry.npmjs.org/@aws-sdk/credential-provider-ini/-/credential-provider-ini-1.0.0-gamma.6.tgz",
      "integrity": "sha512-Mzl0768nAfIYn/SMxWIbpaFI6aYynxPs8mKq+8lZjJ7UN4OuFfxBIvvslxxCVrk91/pJkFhCOEkocci/tKYR1A==",
      "requires": {
        "@aws-sdk/property-provider": "1.0.0-gamma.6",
        "@aws-sdk/shared-ini-file-loader": "1.0.0-gamma.6",
        "@aws-sdk/types": "1.0.0-gamma.5",
        "tslib": "^1.8.0"
      }
    },
    "@aws-sdk/credential-provider-node": {
      "version": "1.0.0-gamma.6",
      "resolved": "https://registry.npmjs.org/@aws-sdk/credential-provider-node/-/credential-provider-node-1.0.0-gamma.6.tgz",
      "integrity": "sha512-v9WMUixONSM04A0BuOKlF//g+DvNF5i5N8fmZ+xcHHCeVg1RmbFJTxRqzLYvx2bDeNJyia+ygHCuWWffyiTTZQ==",
      "requires": {
        "@aws-sdk/credential-provider-env": "1.0.0-gamma.6",
        "@aws-sdk/credential-provider-imds": "1.0.0-gamma.6",
        "@aws-sdk/credential-provider-ini": "1.0.0-gamma.6",
        "@aws-sdk/credential-provider-process": "1.0.0-gamma.6",
        "@aws-sdk/property-provider": "1.0.0-gamma.6",
        "@aws-sdk/types": "1.0.0-gamma.5",
        "tslib": "^1.8.0"
      }
    },
    "@aws-sdk/credential-provider-process": {
      "version": "1.0.0-gamma.6",
      "resolved": "https://registry.npmjs.org/@aws-sdk/credential-provider-process/-/credential-provider-process-1.0.0-gamma.6.tgz",
      "integrity": "sha512-ap9u2efyoqQ74XN8WSJtHMxJ3UfCE8xQS2edmiqzTd8D2g70q3yTn4icU7ev3HwAL4/3uraztJ2Du9vx5eRiJQ==",
      "requires": {
        "@aws-sdk/credential-provider-ini": "1.0.0-gamma.6",
        "@aws-sdk/property-provider": "1.0.0-gamma.6",
        "@aws-sdk/shared-ini-file-loader": "1.0.0-gamma.6",
        "@aws-sdk/types": "1.0.0-gamma.5",
        "tslib": "^1.8.0"
      }
    },
    "@aws-sdk/fetch-http-handler": {
      "version": "1.0.0-gamma.7",
      "resolved": "https://registry.npmjs.org/@aws-sdk/fetch-http-handler/-/fetch-http-handler-1.0.0-gamma.7.tgz",
      "integrity": "sha512-Tn9+EOBESx2Wnu5LzNoJIEEl6bWuifjhXlD9Btlh5B1ie0NWW6z5V99cVdnuVzchi7BDcl/JjD2bzQpCVMkHyQ==",
      "requires": {
        "@aws-sdk/protocol-http": "1.0.0-gamma.6",
        "@aws-sdk/querystring-builder": "1.0.0-gamma.6",
        "@aws-sdk/types": "1.0.0-gamma.5",
        "@aws-sdk/util-base64-browser": "1.0.0-gamma.6",
        "tslib": "^1.8.0"
      },
      "dependencies": {
        "@aws-sdk/protocol-http": {
          "version": "1.0.0-gamma.6",
          "resolved": "https://registry.npmjs.org/@aws-sdk/protocol-http/-/protocol-http-1.0.0-gamma.6.tgz",
          "integrity": "sha512-USv44Bw6pthNJEBtMXBaCrXX2XU7sQeB0wYklNyPs1IzNGP7zhpGo3V2ZAR0/eVFH5odRlxn9hoq008ovk7Liw==",
          "requires": {
            "@aws-sdk/types": "1.0.0-gamma.5",
            "tslib": "^1.8.0"
          }
        }
      }
    },
    "@aws-sdk/hash-node": {
      "version": "1.0.0-gamma.6",
      "resolved": "https://registry.npmjs.org/@aws-sdk/hash-node/-/hash-node-1.0.0-gamma.6.tgz",
      "integrity": "sha512-HP97SHn/Y/zkmhvCwe+Sy6TcTisOjlSbfb7a7lv+Xp92FQxC54OZqc6esDXhtnc45k2uTYJ4+3wQ7B6SRP+inA==",
      "requires": {
        "@aws-sdk/types": "1.0.0-gamma.5",
        "@aws-sdk/util-buffer-from": "1.0.0-gamma.6",
        "tslib": "^1.8.0"
      }
    },
    "@aws-sdk/invalid-dependency": {
      "version": "1.0.0-alpha.1",
      "resolved": "https://registry.npmjs.org/@aws-sdk/invalid-dependency/-/invalid-dependency-1.0.0-alpha.1.tgz",
      "integrity": "sha512-F3x9NGQyNMPz69VceRIzZMQBNhkyKX6hlLoduKE0xfPl1/G2pjVECj066MQLepY7gujV5LlBoNfHVVbpk/6UgQ==",
      "requires": {
        "tslib": "^1.8.0"
      }
    },
    "@aws-sdk/is-array-buffer": {
      "version": "1.0.0-gamma.6",
      "resolved": "https://registry.npmjs.org/@aws-sdk/is-array-buffer/-/is-array-buffer-1.0.0-gamma.6.tgz",
      "integrity": "sha512-F80N+xct+ZFhtvwVCAq2IugjL5KrhzkYLl/q/A3qGLTTCsDsh4sbL8KxRbp8OQZyuq8OCcrlRPlt1fvFBjQJ9w==",
      "requires": {
        "tslib": "^1.8.0"
      }
    },
    "@aws-sdk/middleware-content-length": {
      "version": "1.0.0-gamma.6",
      "resolved": "https://registry.npmjs.org/@aws-sdk/middleware-content-length/-/middleware-content-length-1.0.0-gamma.6.tgz",
      "integrity": "sha512-W+NJ0Gx6TT8GcwULe3vX34HEOKO6fk/b2pMtwxKaoMJztPqRnXDy6SWg1O0tX5kq+j0Lw6Br/NZFQLu+fLpSsg==",
      "requires": {
        "@aws-sdk/protocol-http": "1.0.0-gamma.6",
        "@aws-sdk/types": "1.0.0-gamma.5",
        "tslib": "^1.8.0"
      },
      "dependencies": {
        "@aws-sdk/protocol-http": {
          "version": "1.0.0-gamma.6",
          "resolved": "https://registry.npmjs.org/@aws-sdk/protocol-http/-/protocol-http-1.0.0-gamma.6.tgz",
          "integrity": "sha512-USv44Bw6pthNJEBtMXBaCrXX2XU7sQeB0wYklNyPs1IzNGP7zhpGo3V2ZAR0/eVFH5odRlxn9hoq008ovk7Liw==",
          "requires": {
            "@aws-sdk/types": "1.0.0-gamma.5",
            "tslib": "^1.8.0"
          }
        }
      }
    },
    "@aws-sdk/middleware-host-header": {
      "version": "1.0.0-alpha.1",
      "resolved": "https://registry.npmjs.org/@aws-sdk/middleware-host-header/-/middleware-host-header-1.0.0-alpha.1.tgz",
      "integrity": "sha512-qKD2ZqxwU6wOpktDfhzTFmtqW85EIPqqrNgYhpr+KMK21c5j8l4V+2OIREQmq5Z4kWkENbajt4u92R0OVC9uvQ==",
      "requires": {
        "@aws-sdk/protocol-http": "^1.0.0-alpha.1",
        "@aws-sdk/types": "^1.0.0-alpha.1",
        "tslib": "^1.8.0"
      }
    },
    "@aws-sdk/middleware-retry": {
      "version": "1.0.0-alpha.1",
      "resolved": "https://registry.npmjs.org/@aws-sdk/middleware-retry/-/middleware-retry-1.0.0-alpha.1.tgz",
      "integrity": "sha512-wbK83xMlRgunTfxZZRAVAGo9Y7W4FQ36FWMeRkej+EQWUVsswWfTNv8McyRV+/s3Nk6QLpHuUumMvNne1PW33A==",
      "requires": {
        "@aws-sdk/service-error-classification": "^1.0.0-alpha.1",
        "@aws-sdk/types": "^1.0.0-alpha.1",
        "tslib": "^1.8.0"
      }
    },
    "@aws-sdk/middleware-serde": {
      "version": "1.0.0-alpha.1",
      "resolved": "https://registry.npmjs.org/@aws-sdk/middleware-serde/-/middleware-serde-1.0.0-alpha.1.tgz",
      "integrity": "sha512-8L6469cIHFkTpmDsiZCWgverL9m0hvCtTFi3dtq3gpA/SNTSvP5IW7LQ4o9fr+WxzfWMIIWWmT/UScz8/6Kkdg==",
      "requires": {
        "@aws-sdk/types": "^1.0.0-alpha.1",
        "tslib": "^1.8.0"
      }
    },
    "@aws-sdk/middleware-signing": {
      "version": "1.0.0-alpha.1",
      "resolved": "https://registry.npmjs.org/@aws-sdk/middleware-signing/-/middleware-signing-1.0.0-alpha.1.tgz",
      "integrity": "sha512-GDCVB33THUqGxE8liYTOIIpwqpcHK+kvQg2vER6ekoyB9lVn27adz3cnSw1ilfvo3DGDfc3T5CFm0M+nxXFFKw==",
      "requires": {
        "@aws-sdk/protocol-http": "^1.0.0-alpha.1",
        "@aws-sdk/signature-v4": "^1.0.0-alpha.1",
        "@aws-sdk/types": "^1.0.0-alpha.1",
        "tslib": "^1.8.0"
      }
    },
    "@aws-sdk/middleware-stack": {
      "version": "1.0.0-gamma.6",
      "resolved": "https://registry.npmjs.org/@aws-sdk/middleware-stack/-/middleware-stack-1.0.0-gamma.6.tgz",
      "integrity": "sha512-mEmC/lTrgrCbmE76mxUgsPzJqX6qZHaAwM6hLkZsuThmjz0nQZuUaMPQT2bLgs3+C1z4Oi5PTydzTNsKAnK8MA==",
      "requires": {
        "@aws-sdk/types": "1.0.0-gamma.5",
        "tslib": "^1.8.0"
      }
    },
    "@aws-sdk/middleware-user-agent": {
      "version": "1.0.0-alpha.1",
      "resolved": "https://registry.npmjs.org/@aws-sdk/middleware-user-agent/-/middleware-user-agent-1.0.0-alpha.1.tgz",
      "integrity": "sha512-uxBQhGipobcPS8OqTiK2IMTvJMVMRWmQO7shRccYyosK6ft0GHOqaXx2h8qBEjmLLjzoKM6ILqNwvAcnwhO5fw==",
      "requires": {
        "@aws-sdk/protocol-http": "^1.0.0-alpha.1",
        "@aws-sdk/types": "^1.0.0-alpha.1",
        "tslib": "^1.8.0"
      }
    },
    "@aws-sdk/node-http-handler": {
      "version": "1.0.0-gamma.6",
      "resolved": "https://registry.npmjs.org/@aws-sdk/node-http-handler/-/node-http-handler-1.0.0-gamma.6.tgz",
      "integrity": "sha512-n00mjbn/tFDMt9fYCO506ykK+ac8fL3guxTmHeV/ole5P7Iy7/DGTDIyTn6QzOHyMIjcDr8FaVwzd30IGVBY1w==",
      "requires": {
        "@aws-sdk/abort-controller": "1.0.0-gamma.6",
        "@aws-sdk/protocol-http": "1.0.0-gamma.6",
        "@aws-sdk/querystring-builder": "1.0.0-gamma.6",
        "@aws-sdk/types": "1.0.0-gamma.5",
        "tslib": "^1.8.0"
      },
      "dependencies": {
        "@aws-sdk/protocol-http": {
          "version": "1.0.0-gamma.6",
          "resolved": "https://registry.npmjs.org/@aws-sdk/protocol-http/-/protocol-http-1.0.0-gamma.6.tgz",
          "integrity": "sha512-USv44Bw6pthNJEBtMXBaCrXX2XU7sQeB0wYklNyPs1IzNGP7zhpGo3V2ZAR0/eVFH5odRlxn9hoq008ovk7Liw==",
          "requires": {
            "@aws-sdk/types": "1.0.0-gamma.5",
            "tslib": "^1.8.0"
          }
        }
      }
    },
    "@aws-sdk/property-provider": {
      "version": "1.0.0-gamma.6",
      "resolved": "https://registry.npmjs.org/@aws-sdk/property-provider/-/property-provider-1.0.0-gamma.6.tgz",
      "integrity": "sha512-+ZQpyowEPhGDgdXXASONmQg/lPZ5c/62VgvvuOqB/5j5jBXQmBJW8DogrZ3zbegPDShRcNghWj0OX4KGMlJK7Q==",
      "requires": {
        "@aws-sdk/types": "1.0.0-gamma.5",
        "tslib": "^1.8.0"
      }
    },
    "@aws-sdk/protocol-http": {
      "version": "1.0.0-alpha.1",
      "resolved": "https://registry.npmjs.org/@aws-sdk/protocol-http/-/protocol-http-1.0.0-alpha.1.tgz",
      "integrity": "sha512-MT8IWJXkyHtCmidLWmPD8d2iD2g1wD7nMFJWMvbSqAcNX/9utcuRE6drZOFM/mu4+quNy7rqcs0XDv5knB8nXg==",
      "requires": {
        "@aws-sdk/types": "^1.0.0-alpha.1",
        "@aws-sdk/util-uri-escape": "^1.0.0-alpha.1",
        "tslib": "^1.8.0"
      }
    },
    "@aws-sdk/querystring-builder": {
      "version": "1.0.0-gamma.6",
      "resolved": "https://registry.npmjs.org/@aws-sdk/querystring-builder/-/querystring-builder-1.0.0-gamma.6.tgz",
      "integrity": "sha512-1f+ElDLXlJBbWiMsK4ERAssg8amd0BJwDmWWfHLoOIm387KV05DI5Wd3ysHvYUmkw7PEhRRDo1b9JZrIk9Ij0g==",
      "requires": {
        "@aws-sdk/types": "1.0.0-gamma.5",
        "@aws-sdk/util-uri-escape": "1.0.0-gamma.6",
        "tslib": "^1.8.0"
      }
    },
    "@aws-sdk/querystring-parser": {
      "version": "1.0.0-gamma.6",
      "resolved": "https://registry.npmjs.org/@aws-sdk/querystring-parser/-/querystring-parser-1.0.0-gamma.6.tgz",
      "integrity": "sha512-ZhDO/N4MwhxbLMVlG05kRMHAhnD7i8kmHaAReJlgrO3ZB/wbmFYgRoXyw3WqXdYNDeAMIYINNPTMAe/mpA/ldA==",
      "requires": {
        "@aws-sdk/types": "1.0.0-gamma.5",
        "tslib": "^1.8.0"
      }
    },
    "@aws-sdk/region-provider": {
      "version": "1.0.0-gamma.5",
      "resolved": "https://registry.npmjs.org/@aws-sdk/region-provider/-/region-provider-1.0.0-gamma.5.tgz",
      "integrity": "sha512-865aCdLhVgMopxmtc5PiFOlvy/76vEZaFPsq1WmEGVReSgO+FAMu6qShrUNLHA8GgFQ43gPZ0sBSxFV0CdlaHQ==",
      "requires": {
        "@aws-sdk/property-provider": "1.0.0-gamma.5",
        "@aws-sdk/shared-ini-file-loader": "1.0.0-gamma.5",
        "@aws-sdk/types": "1.0.0-gamma.4",
        "tslib": "^1.8.0"
      },
      "dependencies": {
        "@aws-sdk/property-provider": {
          "version": "1.0.0-gamma.5",
          "resolved": "https://registry.npmjs.org/@aws-sdk/property-provider/-/property-provider-1.0.0-gamma.5.tgz",
          "integrity": "sha512-X+zv/ORq7o6WfqaUhHLJ9Op1gZJAwuubDWjOmHLlMylrwiJesjMb6qJ+/Y6aw2OY+7rTAGRuxkVXKtkn5gJN0w==",
          "requires": {
            "@aws-sdk/types": "1.0.0-gamma.4",
            "tslib": "^1.8.0"
          }
        },
        "@aws-sdk/shared-ini-file-loader": {
          "version": "1.0.0-gamma.5",
          "resolved": "https://registry.npmjs.org/@aws-sdk/shared-ini-file-loader/-/shared-ini-file-loader-1.0.0-gamma.5.tgz",
          "integrity": "sha512-7Qff1Z6IJ8AUrHYqwHt/jywiEuIbtTAKPj9/Cu04XqqqUFyc4lerlLRiXZF4NzcAYm49GWsmZtp8SdN4h303Xg==",
          "requires": {
            "tslib": "^1.8.0"
          }
        },
        "@aws-sdk/types": {
          "version": "1.0.0-gamma.4",
          "resolved": "https://registry.npmjs.org/@aws-sdk/types/-/types-1.0.0-gamma.4.tgz",
          "integrity": "sha512-2UuEGILakoRTPlJIheadNbBGlJIbxSS7xFqbidMdHPa+LXvtds20XQh0y6hKIcBZqR2bhmb3uNgpuw5jO7MDRw=="
        }
      }
    },
    "@aws-sdk/service-error-classification": {
      "version": "1.0.0-gamma.6",
      "resolved": "https://registry.npmjs.org/@aws-sdk/service-error-classification/-/service-error-classification-1.0.0-gamma.6.tgz",
      "integrity": "sha512-xXU5WfCOSjst1SrA1oxlyjdLPrMNNHI3t/93kJpfTcjROFU1Vkw4Hru+s7M2jSJMbTmhf0nx2e4CVQv3Pg+Y7g=="
    },
    "@aws-sdk/shared-ini-file-loader": {
      "version": "1.0.0-gamma.6",
      "resolved": "https://registry.npmjs.org/@aws-sdk/shared-ini-file-loader/-/shared-ini-file-loader-1.0.0-gamma.6.tgz",
      "integrity": "sha512-K5FHebfLt4zqeIM88ndfuVXnpDa5GTHINy/AcqYW/wkjk5+gxahMChYtvRBJaX/9sbf1g7YYhGXGuuCednWiQg==",
      "requires": {
        "tslib": "^1.8.0"
      }
    },
    "@aws-sdk/signature-v4": {
      "version": "1.0.0-gamma.6",
      "resolved": "https://registry.npmjs.org/@aws-sdk/signature-v4/-/signature-v4-1.0.0-gamma.6.tgz",
      "integrity": "sha512-w3wcgNFXgFhHnHPylx5z9QF/iFMx0qlwDoPc3ORNc9A71BF5JXpRqknXBWR1CyBXHYulDc/RInKqMMJGKwfhnQ==",
      "requires": {
        "@aws-sdk/is-array-buffer": "1.0.0-gamma.6",
        "@aws-sdk/types": "1.0.0-gamma.5",
        "@aws-sdk/util-hex-encoding": "1.0.0-gamma.6",
        "@aws-sdk/util-uri-escape": "1.0.0-gamma.6",
        "tslib": "^1.8.0"
      }
    },
    "@aws-sdk/smithy-client": {
      "version": "1.0.0-alpha.1",
      "resolved": "https://registry.npmjs.org/@aws-sdk/smithy-client/-/smithy-client-1.0.0-alpha.1.tgz",
      "integrity": "sha512-Ti0ELrQQYyKcxAZgGUXC9WqzszTFwY/aKLGrcSvZgV3vgzEf4xXyCgBcSLB57J4sY/O0htQoyaTT8aZTwPPFFQ==",
      "requires": {
        "@aws-sdk/middleware-stack": "^1.0.0-alpha.1",
        "@aws-sdk/types": "^1.0.0-alpha.1",
        "tslib": "^1.8.0"
      }
    },
    "@aws-sdk/stream-collector-browser": {
      "version": "1.0.0-beta.4",
      "resolved": "https://registry.npmjs.org/@aws-sdk/stream-collector-browser/-/stream-collector-browser-1.0.0-beta.4.tgz",
      "integrity": "sha512-A1BSuQBxKZfDKcbKN1dlp4AAvbBaLJb3/DD4wHK+/2sQxO30xrENZo8T3gebEdhidb3nxgPs887qFbNwvzTZ0Q==",
      "requires": {
        "@aws-sdk/types": "1.0.0-beta.4",
        "tslib": "^1.8.0"
      },
      "dependencies": {
        "@aws-sdk/types": {
          "version": "1.0.0-beta.4",
          "resolved": "https://registry.npmjs.org/@aws-sdk/types/-/types-1.0.0-beta.4.tgz",
          "integrity": "sha512-32ZVLz5r7XUEZdvL1zonL8idVozxKQifgqiNf5BNFrHo7Fx26rm18c3Hx2jDFN9xh71iNlVpP6EUDPkSDZlq3Q=="
        }
      }
    },
    "@aws-sdk/stream-collector-node": {
      "version": "1.0.0-beta.4",
      "resolved": "https://registry.npmjs.org/@aws-sdk/stream-collector-node/-/stream-collector-node-1.0.0-beta.4.tgz",
      "integrity": "sha512-Erm/Xl3agivWBfU1kyGvw1j617pOCp12Ajjz/T/6T8hJ9jiNlSOEWml9ZRVvritpVuhPN8Y6C7dD9+3LSbVJOA==",
      "requires": {
        "@aws-sdk/types": "1.0.0-beta.4",
        "tslib": "^1.8.0"
      },
      "dependencies": {
        "@aws-sdk/types": {
          "version": "1.0.0-beta.4",
          "resolved": "https://registry.npmjs.org/@aws-sdk/types/-/types-1.0.0-beta.4.tgz",
          "integrity": "sha512-32ZVLz5r7XUEZdvL1zonL8idVozxKQifgqiNf5BNFrHo7Fx26rm18c3Hx2jDFN9xh71iNlVpP6EUDPkSDZlq3Q=="
        }
      }
    },
    "@aws-sdk/types": {
      "version": "1.0.0-gamma.5",
      "resolved": "https://registry.npmjs.org/@aws-sdk/types/-/types-1.0.0-gamma.5.tgz",
      "integrity": "sha512-waKbEd7clRocNPAW8NXPHJs2jgyvSfpR0Jfd4dm3R1EygkEa6aM0ct1bNvCEcnOfQFbytvfNiZK5vbLssuYmSA=="
    },
    "@aws-sdk/url-parser-browser": {
      "version": "1.0.0-gamma.6",
      "resolved": "https://registry.npmjs.org/@aws-sdk/url-parser-browser/-/url-parser-browser-1.0.0-gamma.6.tgz",
      "integrity": "sha512-ySBJhZvp429Q5fjdaHq3OBzZLgHxjkfHIglQjPY8eGxrFgLWgk+00o/Kkfe3euGJxls7iicPtycsSdo52YjR3g==",
      "requires": {
        "@aws-sdk/querystring-parser": "1.0.0-gamma.6",
        "@aws-sdk/types": "1.0.0-gamma.5",
        "tslib": "^1.8.0"
      }
    },
    "@aws-sdk/url-parser-node": {
      "version": "1.0.0-gamma.6",
      "resolved": "https://registry.npmjs.org/@aws-sdk/url-parser-node/-/url-parser-node-1.0.0-gamma.6.tgz",
      "integrity": "sha512-lsWajGhofyRCPfeerP+vSKVeKYKe3atzJvHvtONdMDvEZTvio597sS7zfjtxkxKzhYmo95/0F8jXC86t7ZAkCQ==",
      "requires": {
        "@aws-sdk/querystring-parser": "1.0.0-gamma.6",
        "@aws-sdk/types": "1.0.0-gamma.5",
        "tslib": "^1.8.0",
        "url": "^0.11.0"
      }
    },
    "@aws-sdk/util-base64-browser": {
      "version": "1.0.0-gamma.6",
      "resolved": "https://registry.npmjs.org/@aws-sdk/util-base64-browser/-/util-base64-browser-1.0.0-gamma.6.tgz",
      "integrity": "sha512-8c1K6rXLEIu0sOqj8ynFFsD9LB0SNZ/WgBS58Vt9Q+U4UZ14OQMfoK2f1VmFvgSv+w8ztz/fcwXs2aJpld6oBw==",
      "requires": {
        "tslib": "^1.8.0"
      }
    },
    "@aws-sdk/util-base64-node": {
      "version": "1.0.0-gamma.6",
      "resolved": "https://registry.npmjs.org/@aws-sdk/util-base64-node/-/util-base64-node-1.0.0-gamma.6.tgz",
      "integrity": "sha512-Rlhui8eN3x5Iyt52+K5A67hZAFUEjDI612+cCgOWrgc2lWx/H4byva5HlND9V/ac3302QqBPDpx9DSh65CFY+Q==",
      "requires": {
        "@aws-sdk/util-buffer-from": "1.0.0-gamma.6",
        "tslib": "^1.8.0"
      }
    },
    "@aws-sdk/util-body-length-browser": {
      "version": "1.0.0-gamma.6",
      "resolved": "https://registry.npmjs.org/@aws-sdk/util-body-length-browser/-/util-body-length-browser-1.0.0-gamma.6.tgz",
      "integrity": "sha512-ovrZJoSCS87nt+Mncd29gMWxZp2UDDeDbCgoFxAzO2P45k4DSHO6311SNz+zNJQ90SWZpy971WNRKUJlzvR+qw==",
      "requires": {
        "tslib": "^1.8.0"
      }
    },
    "@aws-sdk/util-body-length-node": {
      "version": "1.0.0-gamma.6",
      "resolved": "https://registry.npmjs.org/@aws-sdk/util-body-length-node/-/util-body-length-node-1.0.0-gamma.6.tgz",
      "integrity": "sha512-BiTFGEoOpXkCsdCJcZgCWpwUiX+hO7/VvqtEoImu/hJkUiDB9fkTXqWVWN+PHk8ao4DdJ9KDkp4eEwy9/+sqew==",
      "requires": {
        "tslib": "^1.8.0"
      }
    },
    "@aws-sdk/util-buffer-from": {
      "version": "1.0.0-gamma.6",
      "resolved": "https://registry.npmjs.org/@aws-sdk/util-buffer-from/-/util-buffer-from-1.0.0-gamma.6.tgz",
      "integrity": "sha512-VRfP8B1Uduf9fpnUynVA9D61RZWLoy8cWcZheuLaR2CWLEzh3Sq9NeHmybMeSEFXWrgrMNkZ8TccRH3qL3goDA==",
      "requires": {
        "@aws-sdk/is-array-buffer": "1.0.0-gamma.6",
        "tslib": "^1.8.0"
      }
    },
    "@aws-sdk/util-hex-encoding": {
      "version": "1.0.0-gamma.6",
      "resolved": "https://registry.npmjs.org/@aws-sdk/util-hex-encoding/-/util-hex-encoding-1.0.0-gamma.6.tgz",
      "integrity": "sha512-bIRIhdAfQH94dWp6lE8OAu4+ghGuRFRDWfIm5id+ekwwPeCI82kxnXUxbI/U3zeQqj/PX96ZD64/SPYd1+cklg==",
      "requires": {
        "tslib": "^1.8.0"
      }
    },
    "@aws-sdk/util-locate-window": {
      "version": "1.0.0-gamma.6",
      "resolved": "https://registry.npmjs.org/@aws-sdk/util-locate-window/-/util-locate-window-1.0.0-gamma.6.tgz",
      "integrity": "sha512-l9i1aHQON7uXLNEOvYsFXUMXya3lPWg2nr/B8hEfGzW4F3OxHEvpmeXuAWuYcFiXysTPhnR/coOz1bKon988Rw==",
      "requires": {
        "tslib": "^1.8.0"
      }
    },
    "@aws-sdk/util-uri-escape": {
      "version": "1.0.0-gamma.6",
      "resolved": "https://registry.npmjs.org/@aws-sdk/util-uri-escape/-/util-uri-escape-1.0.0-gamma.6.tgz",
      "integrity": "sha512-U11YFhWSwyobmWF03Q5QRxLjG6sN/mfss58ue0KTKFhuTJxdrQ/Y+Aj/7TNSnVBNfHZqz7aETGz5HHD4ccgSAA==",
      "requires": {
        "tslib": "^1.8.0"
      }
    },
    "@aws-sdk/util-user-agent-browser": {
      "version": "1.0.0-gamma.6",
      "resolved": "https://registry.npmjs.org/@aws-sdk/util-user-agent-browser/-/util-user-agent-browser-1.0.0-gamma.6.tgz",
      "integrity": "sha512-4bC0GKo5GtBxT3hBS1CeKbMAaLd8kyxmC3ZzCfm0s9OkPbkicbLBm/LHw0/596t4SKIMAgoij1CSxi1XCF16hQ==",
      "requires": {
        "@aws-sdk/types": "1.0.0-gamma.5",
        "tslib": "^1.8.0"
      }
    },
    "@aws-sdk/util-user-agent-node": {
      "version": "1.0.0-gamma.6",
      "resolved": "https://registry.npmjs.org/@aws-sdk/util-user-agent-node/-/util-user-agent-node-1.0.0-gamma.6.tgz",
      "integrity": "sha512-hv0/XhDCz9eyVQfpZa6tFgaWaH08abtQb6diQCtPg5dhQNzD+2ZGQkXxMpSEsHQFUuJqIVUTTye9xffPMKIRZQ==",
      "requires": {
        "@aws-sdk/types": "1.0.0-gamma.5",
        "tslib": "^1.8.0"
      }
    },
    "@aws-sdk/util-utf8-browser": {
      "version": "1.0.0-gamma.6",
      "resolved": "https://registry.npmjs.org/@aws-sdk/util-utf8-browser/-/util-utf8-browser-1.0.0-gamma.6.tgz",
      "integrity": "sha512-JIT2wPZKdOGynAD6V5ZhGT1XlHJbOWAYn0zQUgf4fkfcwwsfjXp9MALptdavKG/N7plq6p7z5JxMUP/VGKXyYA==",
      "requires": {
        "tslib": "^1.8.0"
      }
    },
    "@aws-sdk/util-utf8-node": {
      "version": "1.0.0-gamma.6",
      "resolved": "https://registry.npmjs.org/@aws-sdk/util-utf8-node/-/util-utf8-node-1.0.0-gamma.6.tgz",
      "integrity": "sha512-mci/TC5dFV8SXMsfVwra3ktFWlzXEFFFXaFcNFMZmcbTakzerjpbTp6KHfOC3/seXPf8ErsDgY4X2ZxT4ue8aw==",
      "requires": {
        "@aws-sdk/util-buffer-from": "1.0.0-gamma.6",
        "tslib": "^1.8.0"
      }
    },
    "@types/anymatch": {
      "version": "1.3.1",
      "resolved": "https://registry.yarnpkg.com/@types/anymatch/-/anymatch-1.3.1.tgz",
      "integrity": "sha1-M2utwb7sudrMOL6izzKt9ieoQho="
    },
    "@types/async": {
      "version": "3.0.3",
      "resolved": "https://registry.yarnpkg.com/@types/async/-/async-3.0.3.tgz",
      "integrity": "sha1-6jaUEox1dYDk+TKM2UG4HZw+m/Y="
    },
    "@types/bluebird": {
      "version": "3.5.29",
      "resolved": "https://registry.yarnpkg.com/@types/bluebird/-/bluebird-3.5.29.tgz",
      "integrity": "sha1-fNkzyQLE/IMEZRehvvlziG0AvbY="
    },
    "@types/body-parser": {
      "version": "1.17.1",
      "resolved": "https://registry.yarnpkg.com/@types/body-parser/-/body-parser-1.17.1.tgz",
      "integrity": "sha1-GPz2F2j7XDDMxQjCHW/S6LO/eJc=",
      "requires": {
        "@types/connect": "*",
        "@types/node": "*"
      },
      "dependencies": {
        "@types/node": {
          "version": "12.12.7",
          "resolved": "https://registry.yarnpkg.com/@types/node/-/node-12.12.7.tgz",
          "integrity": "sha1-AeTqck2eO9UNkMEf1ZgLoxfY+hE="
        }
      }
    },
    "@types/caseless": {
      "version": "0.12.2",
      "resolved": "https://registry.yarnpkg.com/@types/caseless/-/caseless-0.12.2.tgz",
      "integrity": "sha1-9l09Y4ngHutFi9VNyPUrlalGO8g="
    },
    "@types/color-name": {
      "version": "1.1.1",
      "resolved": "https://registry.yarnpkg.com/@types/color-name/-/color-name-1.1.1.tgz",
      "integrity": "sha1-HBJhu+qhCoBVu8XYq4S3sq/IRqA="
    },
    "@types/commander": {
      "version": "2.12.2",
      "resolved": "https://registry.yarnpkg.com/@types/commander/-/commander-2.12.2.tgz",
      "integrity": "sha1-GDBBojhC1CgUePpdI8XKeOb9CK4=",
      "requires": {
        "commander": "*"
      }
    },
    "@types/connect": {
      "version": "3.4.32",
      "resolved": "https://registry.yarnpkg.com/@types/connect/-/connect-3.4.32.tgz",
      "integrity": "sha1-qg6WFrlDXMrQK8UrW0VP/Cxwuig=",
      "requires": {
        "@types/node": "*"
      },
      "dependencies": {
        "@types/node": {
          "version": "12.12.7",
          "resolved": "https://registry.yarnpkg.com/@types/node/-/node-12.12.7.tgz",
          "integrity": "sha1-AeTqck2eO9UNkMEf1ZgLoxfY+hE="
        }
      }
    },
    "@types/express": {
      "version": "4.17.2",
      "resolved": "https://registry.yarnpkg.com/@types/express/-/express-4.17.2.tgz",
      "integrity": "sha1-oPt6I9iFW6wxvAHVpYyt2bIXPmw=",
      "requires": {
        "@types/body-parser": "*",
        "@types/express-serve-static-core": "*",
        "@types/serve-static": "*"
      }
    },
    "@types/express-serve-static-core": {
      "version": "4.16.11",
      "resolved": "https://registry.yarnpkg.com/@types/express-serve-static-core/-/express-serve-static-core-4.16.11.tgz",
      "integrity": "sha1-RujLCR3hnVFzGgXCWB5RWFWXna0=",
      "requires": {
        "@types/node": "*",
        "@types/range-parser": "*"
      },
      "dependencies": {
        "@types/node": {
          "version": "12.12.7",
          "resolved": "https://registry.yarnpkg.com/@types/node/-/node-12.12.7.tgz",
          "integrity": "sha1-AeTqck2eO9UNkMEf1ZgLoxfY+hE="
        }
      }
    },
    "@types/fs-extra": {
      "version": "8.0.1",
      "resolved": "https://registry.yarnpkg.com/@types/fs-extra/-/fs-extra-8.0.1.tgz",
      "integrity": "sha1-ojeNbn6K/qFWTkSq+i4gfa33doY=",
      "requires": {
        "@types/node": "*"
      },
      "dependencies": {
        "@types/node": {
          "version": "12.12.7",
          "resolved": "https://registry.yarnpkg.com/@types/node/-/node-12.12.7.tgz",
          "integrity": "sha1-AeTqck2eO9UNkMEf1ZgLoxfY+hE="
        }
      }
    },
    "@types/jquery": {
      "version": "3.3.38",
      "resolved": "https://registry.yarnpkg.com/@types/jquery/-/jquery-3.3.38.tgz",
      "integrity": "sha1-Y4Xx4bML0r/1WujudepCqZnMNgg=",
      "requires": {
        "@types/sizzle": "*"
      }
    },
    "@types/lodash": {
      "version": "4.14.146",
      "resolved": "https://registry.yarnpkg.com/@types/lodash/-/lodash-4.14.146.tgz",
      "integrity": "sha1-3g0shhABLxKmp5ZFUFTLxlT4/s8="
    },
    "@types/mime": {
      "version": "2.0.1",
      "resolved": "https://registry.yarnpkg.com/@types/mime/-/mime-2.0.1.tgz",
      "integrity": "sha1-3EiIQjEqfwdRSTEpBbXjwLBUx50="
    },
    "@types/node": {
      "version": "13.13.9",
      "resolved": "https://registry.yarnpkg.com/@types/node/-/node-13.13.9.tgz",
      "integrity": "sha1-ed9K6WX7dtMZQ7VKZBlZkweiE5Q="
    },
    "@types/prop-types": {
      "version": "15.7.3",
      "resolved": "https://registry.yarnpkg.com/@types/prop-types/-/prop-types-15.7.3.tgz",
      "integrity": "sha1-KrDV2i5YFflLC51LldHl8kOrLKc="
    },
    "@types/range-parser": {
      "version": "1.2.3",
      "resolved": "https://registry.yarnpkg.com/@types/range-parser/-/range-parser-1.2.3.tgz",
      "integrity": "sha1-fuMwunyq+5gJC+zoal7kQRWQTCw="
    },
    "@types/react": {
      "version": "16.9.11",
      "resolved": "https://registry.yarnpkg.com/@types/react/-/react-16.9.11.tgz",
      "integrity": "sha1-cOC3rXkFinhC8lzPKZmAcHatoSA=",
      "requires": {
        "@types/prop-types": "*",
        "csstype": "^2.2.0"
      }
    },
    "@types/react-dom": {
      "version": "16.9.4",
      "resolved": "https://registry.yarnpkg.com/@types/react-dom/-/react-dom-16.9.4.tgz",
      "integrity": "sha1-C1jfCaYJYdy3f2LU8YMkJ1E0IN8=",
      "requires": {
        "@types/react": "*"
      }
    },
    "@types/request": {
      "version": "2.48.3",
      "resolved": "https://registry.yarnpkg.com/@types/request/-/request-2.48.3.tgz",
      "integrity": "sha1-lwuO0jF1aMOQNh0pxVWpXnS9YTU=",
      "requires": {
        "@types/caseless": "*",
        "@types/node": "*",
        "@types/tough-cookie": "*",
        "form-data": "^2.5.0"
      },
      "dependencies": {
        "@types/node": {
          "version": "12.12.7",
          "resolved": "https://registry.yarnpkg.com/@types/node/-/node-12.12.7.tgz",
          "integrity": "sha1-AeTqck2eO9UNkMEf1ZgLoxfY+hE="
        }
      }
    },
    "@types/serve-static": {
      "version": "1.13.3",
      "resolved": "https://registry.yarnpkg.com/@types/serve-static/-/serve-static-1.13.3.tgz",
      "integrity": "sha1-634cQcRGgnJVfol+kXHe1eLe2dE=",
      "requires": {
        "@types/express-serve-static-core": "*",
        "@types/mime": "*"
      }
    },
    "@types/sizzle": {
      "version": "2.3.2",
      "resolved": "https://registry.yarnpkg.com/@types/sizzle/-/sizzle-2.3.2.tgz",
      "integrity": "sha1-qBG4wY4rq6t9VCszZYh64uTZ3kc="
    },
    "@types/source-list-map": {
      "version": "0.1.2",
      "resolved": "https://registry.yarnpkg.com/@types/source-list-map/-/source-list-map-0.1.2.tgz",
      "integrity": "sha1-AHiDYGP/rxdBI0m7o2QIfgrALsk="
    },
    "@types/tapable": {
      "version": "1.0.4",
      "resolved": "https://registry.yarnpkg.com/@types/tapable/-/tapable-1.0.4.tgz",
      "integrity": "sha1-tP/H3Je0mMlps2CkHu4kf4JhY3A="
    },
    "@types/tough-cookie": {
      "version": "2.3.5",
      "resolved": "https://registry.yarnpkg.com/@types/tough-cookie/-/tough-cookie-2.3.5.tgz",
      "integrity": "sha1-naRO11VxmZtlw3tgybK4jbVMWF0="
    },
    "@types/uglify-js": {
      "version": "3.0.4",
      "resolved": "https://registry.yarnpkg.com/@types/uglify-js/-/uglify-js-3.0.4.tgz",
      "integrity": "sha1-lr6uI99vVhhiqDC0KIpJ6GuqwII=",
      "requires": {
        "source-map": "^0.6.1"
      }
    },
    "@types/underscore": {
      "version": "1.9.3",
      "resolved": "https://registry.yarnpkg.com/@types/underscore/-/underscore-1.9.3.tgz",
      "integrity": "sha1-19ncWl/3b6PQAbKbx8yVqwzP6F4="
    },
    "@types/webpack": {
      "version": "4.39.8",
      "resolved": "https://registry.yarnpkg.com/@types/webpack/-/webpack-4.39.8.tgz",
      "integrity": "sha1-gIOk64UOoClh72FhRlQ0ybR4hR8=",
      "requires": {
        "@types/anymatch": "*",
        "@types/node": "*",
        "@types/tapable": "*",
        "@types/uglify-js": "*",
        "@types/webpack-sources": "*",
        "source-map": "^0.6.0"
      },
      "dependencies": {
        "@types/node": {
          "version": "12.12.7",
          "resolved": "https://registry.yarnpkg.com/@types/node/-/node-12.12.7.tgz",
          "integrity": "sha1-AeTqck2eO9UNkMEf1ZgLoxfY+hE="
        }
      }
    },
    "@types/webpack-sources": {
      "version": "0.1.5",
      "resolved": "https://registry.yarnpkg.com/@types/webpack-sources/-/webpack-sources-0.1.5.tgz",
      "integrity": "sha1-vkfBD3g9PW7+FHH/fwQmEb1GSpI=",
      "requires": {
        "@types/node": "*",
        "@types/source-list-map": "*",
        "source-map": "^0.6.1"
      },
      "dependencies": {
        "@types/node": {
          "version": "12.12.7",
          "resolved": "https://registry.yarnpkg.com/@types/node/-/node-12.12.7.tgz",
          "integrity": "sha1-AeTqck2eO9UNkMEf1ZgLoxfY+hE="
        }
      }
    },
    "@types/yargs": {
      "version": "13.0.3",
      "resolved": "https://registry.yarnpkg.com/@types/yargs/-/yargs-13.0.3.tgz",
      "integrity": "sha1-dkgq85gdRBLWU3GjGPmS0zRko4A=",
      "requires": {
        "@types/yargs-parser": "*"
      }
    },
    "@types/yargs-parser": {
      "version": "13.1.0",
      "resolved": "https://registry.yarnpkg.com/@types/yargs-parser/-/yargs-parser-13.1.0.tgz",
      "integrity": "sha1-xWOqGS85NQodGNo2xajaOCu9gig="
    },
    "ansi-styles": {
      "version": "4.2.0",
      "resolved": "https://registry.yarnpkg.com/ansi-styles/-/ansi-styles-4.2.0.tgz",
      "integrity": "sha1-VoHw3PeuWICnhB2IMcRyTtnMAXI=",
      "requires": {
        "@types/color-name": "^1.1.1",
        "color-convert": "^2.0.1"
      }
    },
    "asynckit": {
      "version": "0.4.0",
      "resolved": "https://registry.yarnpkg.com/asynckit/-/asynckit-0.4.0.tgz",
      "integrity": "sha1-x57Zf380y48robyXkLzDZkdLS3k="
    },
    "axios": {
      "version": "0.19.0",
      "resolved": "https://registry.yarnpkg.com/axios/-/axios-0.19.0.tgz",
      "integrity": "sha1-jgm/89kSLhM/e4EByPvdAO09Krg=",
      "requires": {
        "follow-redirects": "1.5.10",
        "is-buffer": "^2.0.2"
      }
    },
    "chalk": {
      "version": "3.0.0",
      "resolved": "https://registry.yarnpkg.com/chalk/-/chalk-3.0.0.tgz",
      "integrity": "sha1-P3PCv1JlkfV0zEksUeJFY0n4ROQ=",
      "requires": {
        "ansi-styles": "^4.1.0",
        "supports-color": "^7.1.0"
      }
    },
    "color-convert": {
      "version": "2.0.1",
      "resolved": "https://registry.yarnpkg.com/color-convert/-/color-convert-2.0.1.tgz",
      "integrity": "sha1-ctOmjVmMm9s68q0ehPIdiWq9TeM=",
      "requires": {
        "color-name": "~1.1.4"
      }
    },
    "color-name": {
      "version": "1.1.4",
      "resolved": "https://registry.yarnpkg.com/color-name/-/color-name-1.1.4.tgz",
      "integrity": "sha1-wqCah6y95pVD3m9j+jmVyCbFNqI="
    },
    "combined-stream": {
      "version": "1.0.8",
      "resolved": "https://registry.yarnpkg.com/combined-stream/-/combined-stream-1.0.8.tgz",
      "integrity": "sha1-w9RaizT9cwYxoRCoolIGgrMdWn8=",
      "requires": {
        "delayed-stream": "~1.0.0"
      }
    },
    "commander": {
      "version": "4.0.1",
      "resolved": "https://registry.yarnpkg.com/commander/-/commander-4.0.1.tgz",
      "integrity": "sha1-tnYicheFmTGC6Af0iDYz5kAbpTw="
    },
    "csstype": {
      "version": "2.6.7",
      "resolved": "https://registry.yarnpkg.com/csstype/-/csstype-2.6.7.tgz",
      "integrity": "sha1-ILACTCC2cY9O2jhTofWhzOf15KU="
    },
    "debug": {
      "version": "3.1.0",
      "resolved": "https://registry.yarnpkg.com/debug/-/debug-3.1.0.tgz",
      "integrity": "sha1-W7WgZyYotkFJVmuhaBnmFRjGcmE=",
      "requires": {
        "ms": "2.0.0"
      }
    },
    "delayed-stream": {
      "version": "1.0.0",
      "resolved": "https://registry.yarnpkg.com/delayed-stream/-/delayed-stream-1.0.0.tgz",
      "integrity": "sha1-3zrhmayt+31ECqrgsp4icrJOxhk="
    },
    "follow-redirects": {
      "version": "1.5.10",
      "resolved": "https://registry.yarnpkg.com/follow-redirects/-/follow-redirects-1.5.10.tgz",
      "integrity": "sha1-e3qfmuov3/NnhqlP9kPtB/T/Xio=",
      "requires": {
        "debug": "=3.1.0"
      }
    },
    "form-data": {
      "version": "2.5.1",
      "resolved": "https://registry.yarnpkg.com/form-data/-/form-data-2.5.1.tgz",
      "integrity": "sha1-8svsV7XlniNxbhKP5E1OXdI4lfQ=",
      "requires": {
        "asynckit": "^0.4.0",
        "combined-stream": "^1.0.6",
        "mime-types": "^2.1.12"
      }
    },
    "has-flag": {
      "version": "4.0.0",
      "resolved": "https://registry.yarnpkg.com/has-flag/-/has-flag-4.0.0.tgz",
      "integrity": "sha1-lEdx/ZyByBJlxNaUGGDaBrtZR5s="
    },
    "is-buffer": {
      "version": "2.0.4",
      "resolved": "https://registry.yarnpkg.com/is-buffer/-/is-buffer-2.0.4.tgz",
      "integrity": "sha1-PlcvI8hBGlz9lVfISeNmXgspBiM="
    },
    "mime-db": {
      "version": "1.42.0",
      "resolved": "https://registry.yarnpkg.com/mime-db/-/mime-db-1.42.0.tgz",
      "integrity": "sha1-PiUpB7THrbkGWXtLZWNics+ee6w="
    },
    "mime-types": {
      "version": "2.1.25",
      "resolved": "https://registry.yarnpkg.com/mime-types/-/mime-types-2.1.25.tgz",
      "integrity": "sha1-OXctRmIfk+KoCoVsU7hqYhVqZDc=",
      "requires": {
        "mime-db": "1.42.0"
      }
    },
    "moment": {
      "version": "2.24.0",
      "resolved": "https://registry.yarnpkg.com/moment/-/moment-2.24.0.tgz",
      "integrity": "sha1-DQVdU/UFKqZTyfbraLtdEr9cK1s="
    },
    "ms": {
      "version": "2.0.0",
      "resolved": "https://registry.yarnpkg.com/ms/-/ms-2.0.0.tgz",
      "integrity": "sha1-VgiurfwAvmwpAd9fmGF4jeDVl8g="
    },
    "punycode": {
      "version": "1.3.2",
      "resolved": "https://registry.npmjs.org/punycode/-/punycode-1.3.2.tgz",
      "integrity": "sha1-llOgNvt8HuQjQvIyXM7v6jkmxI0="
    },
    "querystring": {
      "version": "0.2.0",
      "resolved": "https://registry.npmjs.org/querystring/-/querystring-0.2.0.tgz",
      "integrity": "sha1-sgmEkgO7Jd+CDadW50cAWHhSFiA="
    },
    "rxjs": {
      "version": "6.5.3",
      "resolved": "https://registry.yarnpkg.com/rxjs/-/rxjs-6.5.3.tgz",
      "integrity": "sha1-UQ4mMX9NuRp+sd532d2boKSJmjo=",
      "requires": {
        "tslib": "^1.9.0"
      }
    },
    "source-map": {
      "version": "0.6.1",
      "resolved": "https://registry.yarnpkg.com/source-map/-/source-map-0.6.1.tgz",
      "integrity": "sha1-dHIq8y6WFOnCh6jQu95IteLxomM="
    },
    "supports-color": {
      "version": "7.1.0",
      "resolved": "https://registry.yarnpkg.com/supports-color/-/supports-color-7.1.0.tgz",
      "integrity": "sha1-aOMlkd9z4lrRxLSRCKLsUHliv9E=",
      "requires": {
        "has-flag": "^4.0.0"
      }
    },
    "tslib": {
      "version": "1.10.0",
      "resolved": "https://registry.yarnpkg.com/tslib/-/tslib-1.10.0.tgz",
      "integrity": "sha1-w8GflZc/sKYpc/sJ2Q2WHuQ+XIo="
    },
    "url": {
      "version": "0.11.0",
      "resolved": "https://registry.npmjs.org/url/-/url-0.11.0.tgz",
      "integrity": "sha1-ODjpfPxgUh63PFJajlW/3Z4uKPE=",
      "requires": {
        "punycode": "1.3.2",
        "querystring": "0.2.0"
      }
    },
    "vue": {
      "version": "2.6.10",
      "resolved": "https://registry.yarnpkg.com/vue/-/vue-2.6.10.tgz",
      "integrity": "sha1-pysaQqTYKnIepDjRtr9V5mGVxjc="
    }
  }
}
