# THIS IS AN AUTOGENERATED FILE. DO NOT EDIT THIS FILE DIRECTLY.
# yarn lockfile v1


google-protobuf@3.11.2:
  version "3.11.2"
  resolved "https://registry.yarnpkg.com/google-protobuf/-/google-protobuf-3.11.2.tgz#43272974521a5cec35a21f62730cf517a5a8e38c"
  integrity sha512-T4fin7lcYLUPj2ChUZ4DvfuuHtg3xi1621qeRZt2J7SvOQusOzq+sDT4vbotWTCjUXJoR36CA016LlhtPy80uQ==
