# THIS IS AN AUTOGENERATED FILE. DO NOT EDIT THIS FILE DIRECTLY.
# yarn lockfile v1


google-protobuf@^3.6.1:
  version "3.11.1"
  resolved "https://registry.yarnpkg.com/google-protobuf/-/google-protobuf-3.11.1.tgz#c1319e5fc8579394758c8a41699f0a2e3e950c38"
  integrity sha512-1fdyssLSa7Dip+MDdluLl0uK+2rspgU1PrbdPJKt7hywqSl3+R27TkLYKuBn9dvOyr0VQ0cliQWlfMheW5WKqA==

ts-protoc-gen@^0.12.0:
  version "0.12.0"
  resolved "https://registry.yarnpkg.com/ts-protoc-gen/-/ts-protoc-gen-0.12.0.tgz#932e5738f14b67e7202825b06f8c548cb7d8ef34"
  integrity sha512-V7jnICJxKqalBrnJSMTW5tB9sGi48gOC325bfcM7TDNUItVOlaMM//rQmuo49ybipk/SyJTnWXgtJnhHCevNJw==
  dependencies:
    google-protobuf "^3.6.1"
